
Microsoft Visual Studio Solution File, Format Version 12.00
Project("{FAE04EC0-301F-11D3-BF4B-00C04F79EFBC}") = "DiningPhilosophers", "DiningPhilosophers\DiningPhilosophers.csproj", "{4ADEAB4F-FAA2-456B-A98E-CEC5DA0FDA22}"
EndProject
Project("{FAE04EC0-301F-11D3-BF4B-00C04F79EFBC}") = "Locks", "Locks\Locks.csproj", "{A6E9934C-74A9-4699-ACE6-47BD32531465}"
EndProject
Project("{FAE04EC0-301F-11D3-BF4B-00C04F79EFBC}") = "Sandbox", "Sandbox\Sandbox.csproj", "{15D09863-9B8B-4F22-9357-854992419D9A}"
EndProject
Project("{FAE04EC0-301F-11D3-BF4B-00C04F79EFBC}") = "Tests", "Tests\Tests.csproj", "{D258750C-ED58-417B-A82D-B761275B97CE}"
EndProject
Global
	GlobalSection(SolutionConfigurationPlatforms) = preSolution
		Debug|Any CPU = Debug|Any CPU
		Release|Any CPU = Release|Any CPU
	EndGlobalSection
	GlobalSection(ProjectConfigurationPlatforms) = postSolution
		{4ADEAB4F-FAA2-456B-A98E-CEC5DA0FDA22}.Debug|Any CPU.ActiveCfg = Debug|Any CPU
		{4ADEAB4F-FAA2-456B-A98E-CEC5DA0FDA22}.Debug|Any CPU.Build.0 = Debug|Any CPU
		{4ADEAB4F-FAA2-456B-A98E-CEC5DA0FDA22}.Release|Any CPU.ActiveCfg = Release|Any CPU
		{4ADEAB4F-FAA2-456B-A98E-CEC5DA0FDA22}.Release|Any CPU.Build.0 = Release|Any CPU
		{A6E9934C-74A9-4699-ACE6-47BD32531465}.Debug|Any CPU.ActiveCfg = Debug|Any CPU
		{A6E9934C-74A9-4699-ACE6-47BD32531465}.Debug|Any CPU.Build.0 = Debug|Any CPU
		{A6E9934C-74A9-4699-ACE6-47BD32531465}.Release|Any CPU.ActiveCfg = Release|Any CPU
		{A6E9934C-74A9-4699-ACE6-47BD32531465}.Release|Any CPU.Build.0 = Release|Any CPU
		{15D09863-9B8B-4F22-9357-854992419D9A}.Debug|Any CPU.ActiveCfg = Debug|Any CPU
		{15D09863-9B8B-4F22-9357-854992419D9A}.Debug|Any CPU.Build.0 = Debug|Any CPU
		{15D09863-9B8B-4F22-9357-854992419D9A}.Release|Any CPU.ActiveCfg = Release|Any CPU
		{15D09863-9B8B-4F22-9357-854992419D9A}.Release|Any CPU.Build.0 = Release|Any CPU
		{D258750C-ED58-417B-A82D-B761275B97CE}.Debug|Any CPU.ActiveCfg = Debug|Any CPU
		{D258750C-ED58-417B-A82D-B761275B97CE}.Debug|Any CPU.Build.0 = Debug|Any CPU
		{D258750C-ED58-417B-A82D-B761275B97CE}.Release|Any CPU.ActiveCfg = Release|Any CPU
		{D258750C-ED58-417B-A82D-B761275B97CE}.Release|Any CPU.Build.0 = Release|Any CPU
	EndGlobalSection
EndGlobal
